# This file is autogenerated, do not edit; changes may be undone by the next 'dep ensure'.


[[projects]]
  branch = "master"
  digest = "1:813b67663fc547b0b8b9f95ad73f93eae83e76cac4fc9edc18192d68c1187251"
  name = "github.com/jackkdev/bootstrap-tool"
  packages = [
    "internal/bootstrap",
    "internal/config",
    "internal/preamble",
  ]
  pruneopts = ""
  revision = "96003c0f856542238c895789785610da2bbad761"

[solve-meta]
  analyzer-name = "dep"
  analyzer-version = 1
  input-imports = [
    "github.com/jackkdev/bootstrap-tool/internal/bootstrap",
    "github.com/jackkdev/bootstrap-tool/internal/config",
    "github.com/jackkdev/bootstrap-tool/internal/preamble",
  ]
  solver-name = "gps-cdcl"
  solver-version = 1
